
Microsoft Visual Studio Solution File, Format Version 12.00
# Visual Studio Version 17
VisualStudioVersion = 17.7.34202.233
MinimumVisualStudioVersion = 10.0.40219.1
Project("{9A19103F-16F7-4668-BE54-9A1E7A4F7556}") = "UserAuthen", "Exp4Hanging\UserAuthen.csproj", "{D7B089BB-B3B5-4C4D-A5CC-EB477783D337}"
EndProject
Project("{9A19103F-16F7-4668-BE54-9A1E7A4F7556}") = "NetCourse.Framework", "NetCourse.Framework\NetCourse.Framework.csproj", "{85DDE83C-8D94-453B-A971-273CF866E7ED}"
EndProject
Project("{2150E333-8FDC-42A3-9474-1A3956D46DE8}") = "Cores", "Cores", "{D878B83B-6652-452E-B6FC-7DA6C8F7E571}"
EndProject
Project("{2150E333-8FDC-42A3-9474-1A3956D46DE8}") = "Modules", "Modules", "{76DA09DA-19AC-4A92-BF8D-3134AF52D7CA}"
EndProject
Project("{9A19103F-16F7-4668-BE54-9A1E7A4F7556}") = "XmuAuthen", "Cores\XmuAuthen\XmuAuthen.csproj", "{2DA0FAFB-45B2-4580-BB1A-2915BE0EBEEE}"
EndProject
Project("{9A19103F-16F7-4668-BE54-9A1E7A4F7556}") = "XmuAuthor", "Cores\XmuAuthor\XmuAuthor.csproj", "{668428F8-AC33-41EF-BA3E-3578A54780C9}"
EndProject
Project("{9A19103F-16F7-4668-BE54-9A1E7A4F7556}") = "UserStores", "Modules\UserStores\UserStores.csproj", "{C93D57CA-D9BA-4EFC-9F9F-98FA16242667}"
EndProject
Global
	GlobalSection(SolutionConfigurationPlatforms) = preSolution
		Debug|Any CPU = Debug|Any CPU
		Release|Any CPU = Release|Any CPU
	EndGlobalSection
	GlobalSection(ProjectConfigurationPlatforms) = postSolution
		{D7B089BB-B3B5-4C4D-A5CC-EB477783D337}.Debug|Any CPU.ActiveCfg = Debug|Any CPU
		{D7B089BB-B3B5-4C4D-A5CC-EB477783D337}.Debug|Any CPU.Build.0 = Debug|Any CPU
		{D7B089BB-B3B5-4C4D-A5CC-EB477783D337}.Release|Any CPU.ActiveCfg = Release|Any CPU
		{D7B089BB-B3B5-4C4D-A5CC-EB477783D337}.Release|Any CPU.Build.0 = Release|Any CPU
		{85DDE83C-8D94-453B-A971-273CF866E7ED}.Debug|Any CPU.ActiveCfg = Debug|Any CPU
		{85DDE83C-8D94-453B-A971-273CF866E7ED}.Debug|Any CPU.Build.0 = Debug|Any CPU
		{85DDE83C-8D94-453B-A971-273CF866E7ED}.Release|Any CPU.ActiveCfg = Release|Any CPU
		{85DDE83C-8D94-453B-A971-273CF866E7ED}.Release|Any CPU.Build.0 = Release|Any CPU
		{2DA0FAFB-45B2-4580-BB1A-2915BE0EBEEE}.Debug|Any CPU.ActiveCfg = Debug|Any CPU
		{2DA0FAFB-45B2-4580-BB1A-2915BE0EBEEE}.Debug|Any CPU.Build.0 = Debug|Any CPU
		{2DA0FAFB-45B2-4580-BB1A-2915BE0EBEEE}.Release|Any CPU.ActiveCfg = Release|Any CPU
		{2DA0FAFB-45B2-4580-BB1A-2915BE0EBEEE}.Release|Any CPU.Build.0 = Release|Any CPU
		{668428F8-AC33-41EF-BA3E-3578A54780C9}.Debug|Any CPU.ActiveCfg = Debug|Any CPU
		{668428F8-AC33-41EF-BA3E-3578A54780C9}.Debug|Any CPU.Build.0 = Debug|Any CPU
		{668428F8-AC33-41EF-BA3E-3578A54780C9}.Release|Any CPU.ActiveCfg = Release|Any CPU
		{668428F8-AC33-41EF-BA3E-3578A54780C9}.Release|Any CPU.Build.0 = Release|Any CPU
		{C93D57CA-D9BA-4EFC-9F9F-98FA16242667}.Debug|Any CPU.ActiveCfg = Debug|Any CPU
		{C93D57CA-D9BA-4EFC-9F9F-98FA16242667}.Debug|Any CPU.Build.0 = Debug|Any CPU
		{C93D57CA-D9BA-4EFC-9F9F-98FA16242667}.Release|Any CPU.ActiveCfg = Release|Any CPU
		{C93D57CA-D9BA-4EFC-9F9F-98FA16242667}.Release|Any CPU.Build.0 = Release|Any CPU
	EndGlobalSection
	GlobalSection(SolutionProperties) = preSolution
		HideSolutionNode = FALSE
	EndGlobalSection
	GlobalSection(NestedProjects) = preSolution
		{2DA0FAFB-45B2-4580-BB1A-2915BE0EBEEE} = {D878B83B-6652-452E-B6FC-7DA6C8F7E571}
		{668428F8-AC33-41EF-BA3E-3578A54780C9} = {D878B83B-6652-452E-B6FC-7DA6C8F7E571}
		{C93D57CA-D9BA-4EFC-9F9F-98FA16242667} = {76DA09DA-19AC-4A92-BF8D-3134AF52D7CA}
	EndGlobalSection
	GlobalSection(ExtensibilityGlobals) = postSolution
		SolutionGuid = {38BBDF68-B1FA-44ED-A1FA-7380F862FF20}
	EndGlobalSection
EndGlobal
