
Microsoft Visual Studio Solution File, Format Version 12.00
# Visual Studio Version 17
VisualStudioVersion = 17.5.33516.290
MinimumVisualStudioVersion = 10.0.40219.1
Project("{8BC9CEB8-8B4A-11D0-8D11-00A0C91BC942}") = "ComputerNetwork_Lab3", "ComputerNetwork_Lab3.vcxproj", "{50970803-7DB1-4B5B-BEE6-40472ED9BCEA}"
EndProject
Project("{2150E333-8FDC-42A3-9474-1A3956D46DE8}") = "TempCpp", "TempCpp", "{F6817BB9-4511-4F23-94A2-B283E5AE77AF}"
	ProjectSection(SolutionItems) = preProject
		Lab3_catchMac.cpp = Lab3_catchMac.cpp
		Lab3_getDevice.cpp = Lab3_getDevice.cpp
	EndProjectSection
EndProject
Global
	GlobalSection(SolutionConfigurationPlatforms) = preSolution
		Debug|x64 = Debug|x64
		Debug|x86 = Debug|x86
		Release|x64 = Release|x64
		Release|x86 = Release|x86
	EndGlobalSection
	GlobalSection(ProjectConfigurationPlatforms) = postSolution
		{50970803-7DB1-4B5B-BEE6-40472ED9BCEA}.Debug|x64.ActiveCfg = Debug|x64
		{50970803-7DB1-4B5B-BEE6-40472ED9BCEA}.Debug|x64.Build.0 = Debug|x64
		{50970803-7DB1-4B5B-BEE6-40472ED9BCEA}.Debug|x86.ActiveCfg = Debug|Win32
		{50970803-7DB1-4B5B-BEE6-40472ED9BCEA}.Debug|x86.Build.0 = Debug|Win32
		{50970803-7DB1-4B5B-BEE6-40472ED9BCEA}.Release|x64.ActiveCfg = Release|x64
		{50970803-7DB1-4B5B-BEE6-40472ED9BCEA}.Release|x64.Build.0 = Release|x64
		{50970803-7DB1-4B5B-BEE6-40472ED9BCEA}.Release|x86.ActiveCfg = Release|Win32
		{50970803-7DB1-4B5B-BEE6-40472ED9BCEA}.Release|x86.Build.0 = Release|Win32
	EndGlobalSection
	GlobalSection(SolutionProperties) = preSolution
		HideSolutionNode = FALSE
	EndGlobalSection
	GlobalSection(ExtensibilityGlobals) = postSolution
		SolutionGuid = {F1AD20AC-05BA-42CA-8643-700D1C2D9D4D}
	EndGlobalSection
EndGlobal
