
Microsoft Visual Studio Solution File, Format Version 11.00
# Visual Studio 2010
Project("{FAE04EC0-301F-11D3-BF4B-00C04F79EFBC}") = "UnityEngine.TestRunner", "UnityEngine.TestRunner.csproj", "{f9bfb101-ebf8-da01-b770-0788e04f46bd}"
EndProject
Project("{FAE04EC0-301F-11D3-BF4B-00C04F79EFBC}") = "UnityEngine.UI", "UnityEngine.UI.csproj", "{a72cac03-01af-34fe-84b6-7ce92cf47147}"
EndProject
Project("{FAE04EC0-301F-11D3-BF4B-00C04F79EFBC}") = "Unity.VisualScripting.Flow", "Unity.VisualScripting.Flow.csproj", "{583450a6-1abc-3efc-de9f-320cb2945529}"
EndProject
Project("{FAE04EC0-301F-11D3-BF4B-00C04F79EFBC}") = "Unity.Services.Core.Telemetry", "Unity.Services.Core.Telemetry.csproj", "{4792ee7f-4aff-8a78-5f09-65c6e8e9e102}"
EndProject
Project("{FAE04EC0-301F-11D3-BF4B-00C04F79EFBC}") = "Unity.VisualScripting.State", "Unity.VisualScripting.State.csproj", "{72fbebd9-7559-2508-d3cd-8d7e30a025a5}"
EndProject
Project("{FAE04EC0-301F-11D3-BF4B-00C04F79EFBC}") = "Unity.VisualScripting.Core", "Unity.VisualScripting.Core.csproj", "{35e318f7-aa6a-41c9-ffd7-657246beb012}"
EndProject
Project("{FAE04EC0-301F-11D3-BF4B-00C04F79EFBC}") = "Unity.Services.Core.Environments.Internal", "Unity.Services.Core.Environments.Internal.csproj", "{9f2202c8-bc3e-210f-1e20-33f285e8731a}"
EndProject
Project("{FAE04EC0-301F-11D3-BF4B-00C04F79EFBC}") = "Unity.TextMeshPro", "Unity.TextMeshPro.csproj", "{f2ab7533-b5bc-3fbc-d583-0fe77c66c37c}"
EndProject
Project("{FAE04EC0-301F-11D3-BF4B-00C04F79EFBC}") = "Unity.Timeline", "Unity.Timeline.csproj", "{abcf71aa-0e42-67e8-0666-4f0f82b56279}"
EndProject
Project("{FAE04EC0-301F-11D3-BF4B-00C04F79EFBC}") = "Unity.Services.Core", "Unity.Services.Core.csproj", "{9263f165-9c67-535b-9435-f12308680a68}"
EndProject
Project("{FAE04EC0-301F-11D3-BF4B-00C04F79EFBC}") = "Assembly-CSharp", "Assembly-CSharp.csproj", "{e6bdc332-25e1-2831-82c1-25d0441455a3}"
EndProject
Project("{FAE04EC0-301F-11D3-BF4B-00C04F79EFBC}") = "Unity.Services.Core.Environments", "Unity.Services.Core.Environments.csproj", "{018c4f60-a1cd-6589-857c-96f4a6f5499b}"
EndProject
Project("{FAE04EC0-301F-11D3-BF4B-00C04F79EFBC}") = "Unity.Services.Core.Internal", "Unity.Services.Core.Internal.csproj", "{b9ff597c-0c3d-b7a5-0c28-e147c976dbd0}"
EndProject
Project("{FAE04EC0-301F-11D3-BF4B-00C04F79EFBC}") = "Unity.Services.Core.Analytics", "Unity.Services.Core.Analytics.csproj", "{9b31df8f-8ab6-228e-c7ea-ec61413f3a65}"
EndProject
Project("{FAE04EC0-301F-11D3-BF4B-00C04F79EFBC}") = "Unity.Services.Core.Scheduler", "Unity.Services.Core.Scheduler.csproj", "{82c41fee-ebe4-2f2b-ff41-3dc8ad73dd95}"
EndProject
Project("{FAE04EC0-301F-11D3-BF4B-00C04F79EFBC}") = "Unity.Services.Core.Registration", "Unity.Services.Core.Registration.csproj", "{0ecd6f39-f621-fc6e-082d-8e5324c0a439}"
EndProject
Project("{FAE04EC0-301F-11D3-BF4B-00C04F79EFBC}") = "Unity.Services.Core.Device", "Unity.Services.Core.Device.csproj", "{34a95bdc-0af6-fac0-77b2-2bbdd9da34a9}"
EndProject
Project("{FAE04EC0-301F-11D3-BF4B-00C04F79EFBC}") = "Unity.Services.Core.Threading", "Unity.Services.Core.Threading.csproj", "{95d265d2-c2ba-80dd-8b14-34124a5862c0}"
EndProject
Project("{FAE04EC0-301F-11D3-BF4B-00C04F79EFBC}") = "Unity.Services.Core.Networking", "Unity.Services.Core.Networking.csproj", "{6174efcc-9041-9b5a-da6b-4b7296246754}"
EndProject
Project("{FAE04EC0-301F-11D3-BF4B-00C04F79EFBC}") = "Unity.Services.Core.Configuration", "Unity.Services.Core.Configuration.csproj", "{4aea5753-e53a-8337-39ba-a31751a90b8d}"
EndProject
Project("{FAE04EC0-301F-11D3-BF4B-00C04F79EFBC}") = "Unity.PlasticSCM.Editor", "Unity.PlasticSCM.Editor.csproj", "{686a1bd9-51cc-dfee-eecd-a582294ed2e9}"
EndProject
Project("{FAE04EC0-301F-11D3-BF4B-00C04F79EFBC}") = "Unity.VisualScripting.Core.Editor", "Unity.VisualScripting.Core.Editor.csproj", "{1224facf-e9ce-f525-3a2b-b0c3d2f7dc7f}"
EndProject
Project("{FAE04EC0-301F-11D3-BF4B-00C04F79EFBC}") = "Unity.VisualScripting.Flow.Editor", "Unity.VisualScripting.Flow.Editor.csproj", "{fac763de-b880-7fdb-e94c-ba0e451813f2}"
EndProject
Project("{FAE04EC0-301F-11D3-BF4B-00C04F79EFBC}") = "Unity.VisualStudio.Editor", "Unity.VisualStudio.Editor.csproj", "{350f25a5-1813-4425-dd4c-5c2fc4147c97}"
EndProject
Project("{FAE04EC0-301F-11D3-BF4B-00C04F79EFBC}") = "Unity.Timeline.Editor", "Unity.Timeline.Editor.csproj", "{434cc59d-d150-eb95-bb01-5c3160e083a4}"
EndProject
Project("{FAE04EC0-301F-11D3-BF4B-00C04F79EFBC}") = "Unity.VisualScripting.State.Editor", "Unity.VisualScripting.State.Editor.csproj", "{e1abc7b8-f3df-787e-6da7-9df123fe4ec8}"
EndProject
Project("{FAE04EC0-301F-11D3-BF4B-00C04F79EFBC}") = "Unity.TextMeshPro.Editor", "Unity.TextMeshPro.Editor.csproj", "{560701ab-18d9-42ea-906f-0fd15891eda7}"
EndProject
Project("{FAE04EC0-301F-11D3-BF4B-00C04F79EFBC}") = "Unity.VisualScripting.SettingsProvider.Editor", "Unity.VisualScripting.SettingsProvider.Editor.csproj", "{6e84eca5-95bd-1267-4f58-3a4ed63ffc9e}"
EndProject
Project("{FAE04EC0-301F-11D3-BF4B-00C04F79EFBC}") = "Unity.CollabProxy.Editor", "Unity.CollabProxy.Editor.csproj", "{ab607c16-6dab-ed7e-beb2-efa64d7c53b6}"
EndProject
Project("{FAE04EC0-301F-11D3-BF4B-00C04F79EFBC}") = "UnityEditor.TestRunner", "UnityEditor.TestRunner.csproj", "{907504a3-bb38-b1cc-c01d-c771027f8920}"
EndProject
Project("{FAE04EC0-301F-11D3-BF4B-00C04F79EFBC}") = "Unity.Services.Core.Editor", "Unity.Services.Core.Editor.csproj", "{1abb85fb-a775-7ba1-ab84-2bd94e550d1d}"
EndProject
Project("{FAE04EC0-301F-11D3-BF4B-00C04F79EFBC}") = "Unity.TestTools.CodeCoverage.Editor", "Unity.TestTools.CodeCoverage.Editor.csproj", "{77466290-9658-f1ce-34bc-ad6770a4f265}"
EndProject
Project("{FAE04EC0-301F-11D3-BF4B-00C04F79EFBC}") = "Unity.Rider.Editor", "Unity.Rider.Editor.csproj", "{8985169b-5633-b501-b9f7-335c1615cd9e}"
EndProject
Project("{FAE04EC0-301F-11D3-BF4B-00C04F79EFBC}") = "Unity.Performance.Profile-Analyzer.Editor", "Unity.Performance.Profile-Analyzer.Editor.csproj", "{ef1c503b-7f06-7ab9-d5be-2256a865abe2}"
EndProject
Project("{FAE04EC0-301F-11D3-BF4B-00C04F79EFBC}") = "Unity.VSCode.Editor", "Unity.VSCode.Editor.csproj", "{5f75d486-ec5c-b49b-cff1-41db8cad4a63}"
EndProject
Project("{FAE04EC0-301F-11D3-BF4B-00C04F79EFBC}") = "UnityEditor.UI", "UnityEditor.UI.csproj", "{6a017c06-df9b-ce7d-2e59-c851bcb7cd88}"
EndProject
Project("{FAE04EC0-301F-11D3-BF4B-00C04F79EFBC}") = "Unity.TestTools.CodeCoverage.Editor.OpenCover.Model", "Unity.TestTools.CodeCoverage.Editor.OpenCover.Model.csproj", "{a270ad82-fb8c-c521-e084-5e716f4181a8}"
EndProject
Project("{FAE04EC0-301F-11D3-BF4B-00C04F79EFBC}") = "Unity.EditorCoroutines.Editor", "Unity.EditorCoroutines.Editor.csproj", "{78f99a1c-2ac6-ae1e-5ade-70846941a314}"
EndProject
Project("{FAE04EC0-301F-11D3-BF4B-00C04F79EFBC}") = "Unity.Settings.Editor", "Unity.Settings.Editor.csproj", "{d09a617d-c32e-d617-7a49-94eb6392d914}"
EndProject
Project("{FAE04EC0-301F-11D3-BF4B-00C04F79EFBC}") = "Unity.Services.Core.Configuration.Editor", "Unity.Services.Core.Configuration.Editor.csproj", "{a5ec6a54-0231-86a2-460f-52ced744d74d}"
EndProject
Project("{FAE04EC0-301F-11D3-BF4B-00C04F79EFBC}") = "Unity.TestTools.CodeCoverage.Editor.OpenCover.Mono.Reflection", "Unity.TestTools.CodeCoverage.Editor.OpenCover.Mono.Reflection.csproj", "{1e06eadc-e23c-5edc-a344-d1924cb80b9b}"
EndProject
Project("{FAE04EC0-301F-11D3-BF4B-00C04F79EFBC}") = "Unity.VisualScripting.Shared.Editor", "Unity.VisualScripting.Shared.Editor.csproj", "{dcc4d02c-9196-7064-4892-0f053fcee9a0}"
EndProject
Global
	GlobalSection(SolutionConfigurationPlatforms) = preSolution
		Debug|Any CPU = Debug|Any CPU
	EndGlobalSection
	GlobalSection(ProjectConfigurationPlatforms) = postSolution
		{f9bfb101-ebf8-da01-b770-0788e04f46bd}.Debug|Any CPU.ActiveCfg = Debug|Any CPU
		{f9bfb101-ebf8-da01-b770-0788e04f46bd}.Debug|Any CPU.Build.0 = Debug|Any CPU
		{a72cac03-01af-34fe-84b6-7ce92cf47147}.Debug|Any CPU.ActiveCfg = Debug|Any CPU
		{a72cac03-01af-34fe-84b6-7ce92cf47147}.Debug|Any CPU.Build.0 = Debug|Any CPU
		{583450a6-1abc-3efc-de9f-320cb2945529}.Debug|Any CPU.ActiveCfg = Debug|Any CPU
		{583450a6-1abc-3efc-de9f-320cb2945529}.Debug|Any CPU.Build.0 = Debug|Any CPU
		{4792ee7f-4aff-8a78-5f09-65c6e8e9e102}.Debug|Any CPU.ActiveCfg = Debug|Any CPU
		{4792ee7f-4aff-8a78-5f09-65c6e8e9e102}.Debug|Any CPU.Build.0 = Debug|Any CPU
		{72fbebd9-7559-2508-d3cd-8d7e30a025a5}.Debug|Any CPU.ActiveCfg = Debug|Any CPU
		{72fbebd9-7559-2508-d3cd-8d7e30a025a5}.Debug|Any CPU.Build.0 = Debug|Any CPU
		{35e318f7-aa6a-41c9-ffd7-657246beb012}.Debug|Any CPU.ActiveCfg = Debug|Any CPU
		{35e318f7-aa6a-41c9-ffd7-657246beb012}.Debug|Any CPU.Build.0 = Debug|Any CPU
		{9f2202c8-bc3e-210f-1e20-33f285e8731a}.Debug|Any CPU.ActiveCfg = Debug|Any CPU
		{9f2202c8-bc3e-210f-1e20-33f285e8731a}.Debug|Any CPU.Build.0 = Debug|Any CPU
		{f2ab7533-b5bc-3fbc-d583-0fe77c66c37c}.Debug|Any CPU.ActiveCfg = Debug|Any CPU
		{f2ab7533-b5bc-3fbc-d583-0fe77c66c37c}.Debug|Any CPU.Build.0 = Debug|Any CPU
		{abcf71aa-0e42-67e8-0666-4f0f82b56279}.Debug|Any CPU.ActiveCfg = Debug|Any CPU
		{abcf71aa-0e42-67e8-0666-4f0f82b56279}.Debug|Any CPU.Build.0 = Debug|Any CPU
		{9263f165-9c67-535b-9435-f12308680a68}.Debug|Any CPU.ActiveCfg = Debug|Any CPU
		{9263f165-9c67-535b-9435-f12308680a68}.Debug|Any CPU.Build.0 = Debug|Any CPU
		{e6bdc332-25e1-2831-82c1-25d0441455a3}.Debug|Any CPU.ActiveCfg = Debug|Any CPU
		{e6bdc332-25e1-2831-82c1-25d0441455a3}.Debug|Any CPU.Build.0 = Debug|Any CPU
		{018c4f60-a1cd-6589-857c-96f4a6f5499b}.Debug|Any CPU.ActiveCfg = Debug|Any CPU
		{018c4f60-a1cd-6589-857c-96f4a6f5499b}.Debug|Any CPU.Build.0 = Debug|Any CPU
		{b9ff597c-0c3d-b7a5-0c28-e147c976dbd0}.Debug|Any CPU.ActiveCfg = Debug|Any CPU
		{b9ff597c-0c3d-b7a5-0c28-e147c976dbd0}.Debug|Any CPU.Build.0 = Debug|Any CPU
		{9b31df8f-8ab6-228e-c7ea-ec61413f3a65}.Debug|Any CPU.ActiveCfg = Debug|Any CPU
		{9b31df8f-8ab6-228e-c7ea-ec61413f3a65}.Debug|Any CPU.Build.0 = Debug|Any CPU
		{82c41fee-ebe4-2f2b-ff41-3dc8ad73dd95}.Debug|Any CPU.ActiveCfg = Debug|Any CPU
		{82c41fee-ebe4-2f2b-ff41-3dc8ad73dd95}.Debug|Any CPU.Build.0 = Debug|Any CPU
		{0ecd6f39-f621-fc6e-082d-8e5324c0a439}.Debug|Any CPU.ActiveCfg = Debug|Any CPU
		{0ecd6f39-f621-fc6e-082d-8e5324c0a439}.Debug|Any CPU.Build.0 = Debug|Any CPU
		{34a95bdc-0af6-fac0-77b2-2bbdd9da34a9}.Debug|Any CPU.ActiveCfg = Debug|Any CPU
		{34a95bdc-0af6-fac0-77b2-2bbdd9da34a9}.Debug|Any CPU.Build.0 = Debug|Any CPU
		{95d265d2-c2ba-80dd-8b14-34124a5862c0}.Debug|Any CPU.ActiveCfg = Debug|Any CPU
		{95d265d2-c2ba-80dd-8b14-34124a5862c0}.Debug|Any CPU.Build.0 = Debug|Any CPU
		{6174efcc-9041-9b5a-da6b-4b7296246754}.Debug|Any CPU.ActiveCfg = Debug|Any CPU
		{6174efcc-9041-9b5a-da6b-4b7296246754}.Debug|Any CPU.Build.0 = Debug|Any CPU
		{4aea5753-e53a-8337-39ba-a31751a90b8d}.Debug|Any CPU.ActiveCfg = Debug|Any CPU
		{4aea5753-e53a-8337-39ba-a31751a90b8d}.Debug|Any CPU.Build.0 = Debug|Any CPU
		{686a1bd9-51cc-dfee-eecd-a582294ed2e9}.Debug|Any CPU.ActiveCfg = Debug|Any CPU
		{686a1bd9-51cc-dfee-eecd-a582294ed2e9}.Debug|Any CPU.Build.0 = Debug|Any CPU
		{1224facf-e9ce-f525-3a2b-b0c3d2f7dc7f}.Debug|Any CPU.ActiveCfg = Debug|Any CPU
		{1224facf-e9ce-f525-3a2b-b0c3d2f7dc7f}.Debug|Any CPU.Build.0 = Debug|Any CPU
		{fac763de-b880-7fdb-e94c-ba0e451813f2}.Debug|Any CPU.ActiveCfg = Debug|Any CPU
		{fac763de-b880-7fdb-e94c-ba0e451813f2}.Debug|Any CPU.Build.0 = Debug|Any CPU
		{350f25a5-1813-4425-dd4c-5c2fc4147c97}.Debug|Any CPU.ActiveCfg = Debug|Any CPU
		{350f25a5-1813-4425-dd4c-5c2fc4147c97}.Debug|Any CPU.Build.0 = Debug|Any CPU
		{434cc59d-d150-eb95-bb01-5c3160e083a4}.Debug|Any CPU.ActiveCfg = Debug|Any CPU
		{434cc59d-d150-eb95-bb01-5c3160e083a4}.Debug|Any CPU.Build.0 = Debug|Any CPU
		{e1abc7b8-f3df-787e-6da7-9df123fe4ec8}.Debug|Any CPU.ActiveCfg = Debug|Any CPU
		{e1abc7b8-f3df-787e-6da7-9df123fe4ec8}.Debug|Any CPU.Build.0 = Debug|Any CPU
		{560701ab-18d9-42ea-906f-0fd15891eda7}.Debug|Any CPU.ActiveCfg = Debug|Any CPU
		{560701ab-18d9-42ea-906f-0fd15891eda7}.Debug|Any CPU.Build.0 = Debug|Any CPU
		{6e84eca5-95bd-1267-4f58-3a4ed63ffc9e}.Debug|Any CPU.ActiveCfg = Debug|Any CPU
		{6e84eca5-95bd-1267-4f58-3a4ed63ffc9e}.Debug|Any CPU.Build.0 = Debug|Any CPU
		{ab607c16-6dab-ed7e-beb2-efa64d7c53b6}.Debug|Any CPU.ActiveCfg = Debug|Any CPU
		{ab607c16-6dab-ed7e-beb2-efa64d7c53b6}.Debug|Any CPU.Build.0 = Debug|Any CPU
		{907504a3-bb38-b1cc-c01d-c771027f8920}.Debug|Any CPU.ActiveCfg = Debug|Any CPU
		{907504a3-bb38-b1cc-c01d-c771027f8920}.Debug|Any CPU.Build.0 = Debug|Any CPU
		{1abb85fb-a775-7ba1-ab84-2bd94e550d1d}.Debug|Any CPU.ActiveCfg = Debug|Any CPU
		{1abb85fb-a775-7ba1-ab84-2bd94e550d1d}.Debug|Any CPU.Build.0 = Debug|Any CPU
		{77466290-9658-f1ce-34bc-ad6770a4f265}.Debug|Any CPU.ActiveCfg = Debug|Any CPU
		{77466290-9658-f1ce-34bc-ad6770a4f265}.Debug|Any CPU.Build.0 = Debug|Any CPU
		{8985169b-5633-b501-b9f7-335c1615cd9e}.Debug|Any CPU.ActiveCfg = Debug|Any CPU
		{8985169b-5633-b501-b9f7-335c1615cd9e}.Debug|Any CPU.Build.0 = Debug|Any CPU
		{ef1c503b-7f06-7ab9-d5be-2256a865abe2}.Debug|Any CPU.ActiveCfg = Debug|Any CPU
		{ef1c503b-7f06-7ab9-d5be-2256a865abe2}.Debug|Any CPU.Build.0 = Debug|Any CPU
		{5f75d486-ec5c-b49b-cff1-41db8cad4a63}.Debug|Any CPU.ActiveCfg = Debug|Any CPU
		{5f75d486-ec5c-b49b-cff1-41db8cad4a63}.Debug|Any CPU.Build.0 = Debug|Any CPU
		{6a017c06-df9b-ce7d-2e59-c851bcb7cd88}.Debug|Any CPU.ActiveCfg = Debug|Any CPU
		{6a017c06-df9b-ce7d-2e59-c851bcb7cd88}.Debug|Any CPU.Build.0 = Debug|Any CPU
		{a270ad82-fb8c-c521-e084-5e716f4181a8}.Debug|Any CPU.ActiveCfg = Debug|Any CPU
		{a270ad82-fb8c-c521-e084-5e716f4181a8}.Debug|Any CPU.Build.0 = Debug|Any CPU
		{78f99a1c-2ac6-ae1e-5ade-70846941a314}.Debug|Any CPU.ActiveCfg = Debug|Any CPU
		{78f99a1c-2ac6-ae1e-5ade-70846941a314}.Debug|Any CPU.Build.0 = Debug|Any CPU
		{d09a617d-c32e-d617-7a49-94eb6392d914}.Debug|Any CPU.ActiveCfg = Debug|Any CPU
		{d09a617d-c32e-d617-7a49-94eb6392d914}.Debug|Any CPU.Build.0 = Debug|Any CPU
		{a5ec6a54-0231-86a2-460f-52ced744d74d}.Debug|Any CPU.ActiveCfg = Debug|Any CPU
		{a5ec6a54-0231-86a2-460f-52ced744d74d}.Debug|Any CPU.Build.0 = Debug|Any CPU
		{1e06eadc-e23c-5edc-a344-d1924cb80b9b}.Debug|Any CPU.ActiveCfg = Debug|Any CPU
		{1e06eadc-e23c-5edc-a344-d1924cb80b9b}.Debug|Any CPU.Build.0 = Debug|Any CPU
		{dcc4d02c-9196-7064-4892-0f053fcee9a0}.Debug|Any CPU.ActiveCfg = Debug|Any CPU
		{dcc4d02c-9196-7064-4892-0f053fcee9a0}.Debug|Any CPU.Build.0 = Debug|Any CPU
	EndGlobalSection
	GlobalSection(SolutionProperties) = preSolution
		HideSolutionNode = FALSE
	EndGlobalSection
EndGlobal
